PODS:
  - CocoaAsyncSocket (7.4.3):
    - CocoaAsyncSocket/All (= 7.4.3)
  - CocoaAsyncSocket/All (7.4.3):
    - CocoaAsyncSocket/GCD
    - CocoaAsyncSocket/RunLoop
  - CocoaAsyncSocket/GCD (7.4.3)
  - CocoaAsyncSocket/RunLoop (7.4.3)
  - JKVValue (1.3.2)
  - monik (0.1.0):
    - ProtocolBuffers-Swift (= 3.0.3)
    - RMQClient (~> 0.10.0)
  - ProtocolBuffers-Swift (3.0.3)
  - RMQClient (0.10.0):
    - CocoaAsyncSocket (~> 7.4.0)
    - JKVValue

DEPENDENCIES:
  - monik (from `https://github.com/Totopolis/monik.ios.git`)

EXTERNAL SOURCES:
  monik:
    :git: https://github.com/Totopolis/monik.ios.git

CHECKOUT OPTIONS:
  monik:
    :commit: 4f150ca740d890a0ed9b63cbbbe8e2aeeeb4419a
    :git: https://github.com/Totopolis/monik.ios.git

SPEC CHECKSUMS:
  CocoaAsyncSocket: a18c75dca4b08723628a0bacca6e94803d90be91
  JKVValue: 3a6bb1f0c02fb98404835ab5620327dfda48561e
  monik: 3a0f67e75199578532be68de50fb8f82229253e5
  ProtocolBuffers-Swift: 572c8b24d1405ba556a5f682bc4453c7a98dc946
  RMQClient: e9bfea2d08f151b6b12df82ad115c78bd8de2106

PODFILE CHECKSUM: 923304fecad0b52ee370448670382ad34d146b3d

COCOAPODS: 1.1.1
